// !$*UTF8*$!
{
	archiveVersion = 1;
	classes = {
	};
	objectVersion = 46;
	objects = {

/* Begin PBXBuildFile section */
		3993E2DB1DB2826D00DF922B /* Realm.framework in Frameworks */ = {isa = PBXBuildFile; fileRef = 3993E2D81DB2826D00DF922B /* Realm.framework */; };
		3993E2DC1DB2826D00DF922B /* RealmSwift.framework in Frameworks */ = {isa = PBXBuildFile; fileRef = 3993E2D91DB2826D00DF922B /* RealmSwift.framework */; };
		3993E2DF1DB2878400DF922B /* CommitNumber_Commit.swift in Sources */ = {isa = PBXBuildFile; fileRef = 3993E2DE1DB2878400DF922B /* CommitNumber_Commit.swift */; };
		3993E2E11DB2927E00DF922B /* JEToolkit.framework in Frameworks */ = {isa = PBXBuildFile; fileRef = 3993E2E01DB2927E00DF922B /* JEToolkit.framework */; };
		39979BB71DAA209C006A37DC /* AppDelegate.swift in Sources */ = {isa = PBXBuildFile; fileRef = 39979BB61DAA209C006A37DC /* AppDelegate.swift */; };
		39979BBC1DAA209C006A37DC /* Main.storyboard in Resources */ = {isa = PBXBuildFile; fileRef = 39979BBA1DAA209C006A37DC /* Main.storyboard */; };
		39979BBE1DAA209C006A37DC /* Assets.xcassets in Resources */ = {isa = PBXBuildFile; fileRef = 39979BBD1DAA209C006A37DC /* Assets.xcassets */; };
		39979BC11DAA209C006A37DC /* LaunchScreen.storyboard in Resources */ = {isa = PBXBuildFile; fileRef = 39979BBF1DAA209C006A37DC /* LaunchScreen.storyboard */; };
		39979BE31DAA20F5006A37DC /* UIColor+Extension.swift in Sources */ = {isa = PBXBuildFile; fileRef = 39979BCB1DAA20F5006A37DC /* UIColor+Extension.swift */; };
		39979BE41DAA20F5006A37DC /* DateExtension.swift in Sources */ = {isa = PBXBuildFile; fileRef = 39979BCD1DAA20F5006A37DC /* DateExtension.swift */; };
		39979BE51DAA20F5006A37DC /* UIImageExtension.swift in Sources */ = {isa = PBXBuildFile; fileRef = 39979BCF1DAA20F5006A37DC /* UIImageExtension.swift */; };
		39979BE61DAA20F5006A37DC /* Commit.swift in Sources */ = {isa = PBXBuildFile; fileRef = 39979BD21DAA20F5006A37DC /* Commit.swift */; };
		39979BE71DAA20F5006A37DC /* Subjects.swift in Sources */ = {isa = PBXBuildFile; fileRef = 39979BD41DAA20F5006A37DC /* Subjects.swift */; };
		39979BE81DAA20F5006A37DC /* CommitRootViewCell.swift in Sources */ = {isa = PBXBuildFile; fileRef = 39979BD81DAA20F5006A37DC /* CommitRootViewCell.swift */; };
		39979BE91DAA20F5006A37DC /* CommitRootViewCell.xib in Resources */ = {isa = PBXBuildFile; fileRef = 39979BD91DAA20F5006A37DC /* CommitRootViewCell.xib */; };
		39979BEA1DAA20F5006A37DC /* HomeViewCell.swift in Sources */ = {isa = PBXBuildFile; fileRef = 39979BDB1DAA20F5006A37DC /* HomeViewCell.swift */; };
		39979BEB1DAA20F5006A37DC /* HomeViewCell.xib in Resources */ = {isa = PBXBuildFile; fileRef = 39979BDC1DAA20F5006A37DC /* HomeViewCell.xib */; };
		39979BEC1DAA20F5006A37DC /* CommitRootViewController.swift in Sources */ = {isa = PBXBuildFile; fileRef = 39979BDE1DAA20F5006A37DC /* CommitRootViewController.swift */; };
		39979BED1DAA20F5006A37DC /* CommitViewController.swift in Sources */ = {isa = PBXBuildFile; fileRef = 39979BE01DAA20F5006A37DC /* CommitViewController.swift */; };
		39979BEE1DAA20F5006A37DC /* HomeViewController.swift in Sources */ = {isa = PBXBuildFile; fileRef = 39979BE21DAA20F5006A37DC /* HomeViewController.swift */; };
		39A1F0E31DAA2AA800AE0EE2 /* CommitNumber.swift in Sources */ = {isa = PBXBuildFile; fileRef = 39A1F0E21DAA2AA800AE0EE2 /* CommitNumber.swift */; };
		39A7787A1DB388200047DDB1 /* CommitDetailViewController.swift in Sources */ = {isa = PBXBuildFile; fileRef = 39A778791DB388200047DDB1 /* CommitDetailViewController.swift */; };
		39A7787E1DB3896E0047DDB1 /* CommitDetailTableViewCell.swift in Sources */ = {isa = PBXBuildFile; fileRef = 39A7787C1DB3896E0047DDB1 /* CommitDetailTableViewCell.swift */; };
		39A7787F1DB3896E0047DDB1 /* CommitDetailTableViewCell.xib in Resources */ = {isa = PBXBuildFile; fileRef = 39A7787D1DB3896E0047DDB1 /* CommitDetailTableViewCell.xib */; };
		39A778821DB3BC990047DDB1 /* NavigationViewController.swift in Sources */ = {isa = PBXBuildFile; fileRef = 39A778811DB3BC990047DDB1 /* NavigationViewController.swift */; };
		39A778841DB3BD0E0047DDB1 /* TabBarController.swift in Sources */ = {isa = PBXBuildFile; fileRef = 39A778831DB3BD0E0047DDB1 /* TabBarController.swift */; };
		39E8FD741DBB269300CB357D /* CommitLargeTableViewCell.swift in Sources */ = {isa = PBXBuildFile; fileRef = 39E8FD721DBB269300CB357D /* CommitLargeTableViewCell.swift */; };
		39E8FD751DBB269300CB357D /* CommitLargeTableViewCell.xib in Resources */ = {isa = PBXBuildFile; fileRef = 39E8FD731DBB269300CB357D /* CommitLargeTableViewCell.xib */; };
		39E8FD781DBB398400CB357D /* TwicketSegmentedControl.framework in Frameworks */ = {isa = PBXBuildFile; fileRef = 39E8FD771DBB398400CB357D /* TwicketSegmentedControl.framework */; };
/* End PBXBuildFile section */

/* Begin PBXCopyFilesBuildPhase section */
		39979BF81DAA2287006A37DC /* Embed Frameworks */ = {
			isa = PBXCopyFilesBuildPhase;
			buildActionMask = 2147483647;
			dstPath = "";
			dstSubfolderSpec = 10;
			files = (
			);
			name = "Embed Frameworks";
			runOnlyForDeploymentPostprocessing = 0;
		};
/* End PBXCopyFilesBuildPhase section */

/* Begin PBXFileReference section */
		3993E2D71DB2826D00DF922B /* IoniconsKit.framework */ = {isa = PBXFileReference; lastKnownFileType = wrapper.framework; name = IoniconsKit.framework; path = Carthage/Build/iOS/IoniconsKit.framework; sourceTree = "<group>"; };
		3993E2D81DB2826D00DF922B /* Realm.framework */ = {isa = PBXFileReference; lastKnownFileType = wrapper.framework; name = Realm.framework; path = Carthage/Build/iOS/Realm.framework; sourceTree = "<group>"; };
		3993E2D91DB2826D00DF922B /* RealmSwift.framework */ = {isa = PBXFileReference; lastKnownFileType = wrapper.framework; name = RealmSwift.framework; path = Carthage/Build/iOS/RealmSwift.framework; sourceTree = "<group>"; };
		3993E2DE1DB2878400DF922B /* CommitNumber_Commit.swift */ = {isa = PBXFileReference; fileEncoding = 4; lastKnownFileType = sourcecode.swift; name = CommitNumber_Commit.swift; path = "Commit-CommitNumber/CommitNumber_Commit.swift"; sourceTree = "<group>"; };
		3993E2E01DB2927E00DF922B /* JEToolkit.framework */ = {isa = PBXFileReference; lastKnownFileType = wrapper.framework; name = JEToolkit.framework; path = Carthage/Build/iOS/JEToolkit.framework; sourceTree = "<group>"; };
		39979BB31DAA209C006A37DC /* GitStudy.app */ = {isa = PBXFileReference; explicitFileType = wrapper.application; includeInIndex = 0; path = GitStudy.app; sourceTree = BUILT_PRODUCTS_DIR; };
		39979BB61DAA209C006A37DC /* AppDelegate.swift */ = {isa = PBXFileReference; lastKnownFileType = sourcecode.swift; path = AppDelegate.swift; sourceTree = "<group>"; };
		39979BBB1DAA209C006A37DC /* Base */ = {isa = PBXFileReference; lastKnownFileType = file.storyboard; name = Base; path = Base.lproj/Main.storyboard; sourceTree = "<group>"; };
		39979BBD1DAA209C006A37DC /* Assets.xcassets */ = {isa = PBXFileReference; lastKnownFileType = folder.assetcatalog; path = Assets.xcassets; sourceTree = "<group>"; };
		39979BC01DAA209C006A37DC /* Base */ = {isa = PBXFileReference; lastKnownFileType = file.storyboard; name = Base; path = Base.lproj/LaunchScreen.storyboard; sourceTree = "<group>"; };
		39979BC21DAA209C006A37DC /* Info.plist */ = {isa = PBXFileReference; lastKnownFileType = text.plist.xml; path = Info.plist; sourceTree = "<group>"; };
		39979BCB1DAA20F5006A37DC /* UIColor+Extension.swift */ = {isa = PBXFileReference; fileEncoding = 4; lastKnownFileType = sourcecode.swift; path = "UIColor+Extension.swift"; sourceTree = "<group>"; };
		39979BCD1DAA20F5006A37DC /* DateExtension.swift */ = {isa = PBXFileReference; fileEncoding = 4; lastKnownFileType = sourcecode.swift; path = DateExtension.swift; sourceTree = "<group>"; };
		39979BCF1DAA20F5006A37DC /* UIImageExtension.swift */ = {isa = PBXFileReference; fileEncoding = 4; lastKnownFileType = sourcecode.swift; path = UIImageExtension.swift; sourceTree = "<group>"; };
		39979BD21DAA20F5006A37DC /* Commit.swift */ = {isa = PBXFileReference; fileEncoding = 4; lastKnownFileType = sourcecode.swift; path = Commit.swift; sourceTree = "<group>"; };
		39979BD41DAA20F5006A37DC /* Subjects.swift */ = {isa = PBXFileReference; fileEncoding = 4; lastKnownFileType = sourcecode.swift; path = Subjects.swift; sourceTree = "<group>"; };
		39979BD81DAA20F5006A37DC /* CommitRootViewCell.swift */ = {isa = PBXFileReference; fileEncoding = 4; lastKnownFileType = sourcecode.swift; path = CommitRootViewCell.swift; sourceTree = "<group>"; };
		39979BD91DAA20F5006A37DC /* CommitRootViewCell.xib */ = {isa = PBXFileReference; fileEncoding = 4; lastKnownFileType = file.xib; path = CommitRootViewCell.xib; sourceTree = "<group>"; };
		39979BDB1DAA20F5006A37DC /* HomeViewCell.swift */ = {isa = PBXFileReference; fileEncoding = 4; lastKnownFileType = sourcecode.swift; path = HomeViewCell.swift; sourceTree = "<group>"; };
		39979BDC1DAA20F5006A37DC /* HomeViewCell.xib */ = {isa = PBXFileReference; fileEncoding = 4; lastKnownFileType = file.xib; path = HomeViewCell.xib; sourceTree = "<group>"; };
		39979BDE1DAA20F5006A37DC /* CommitRootViewController.swift */ = {isa = PBXFileReference; fileEncoding = 4; lastKnownFileType = sourcecode.swift; path = CommitRootViewController.swift; sourceTree = "<group>"; };
		39979BE01DAA20F5006A37DC /* CommitViewController.swift */ = {isa = PBXFileReference; fileEncoding = 4; lastKnownFileType = sourcecode.swift; path = CommitViewController.swift; sourceTree = "<group>"; };
		39979BE21DAA20F5006A37DC /* HomeViewController.swift */ = {isa = PBXFileReference; fileEncoding = 4; lastKnownFileType = sourcecode.swift; path = HomeViewController.swift; sourceTree = "<group>"; };
		39A1F0E21DAA2AA800AE0EE2 /* CommitNumber.swift */ = {isa = PBXFileReference; fileEncoding = 4; lastKnownFileType = sourcecode.swift; path = CommitNumber.swift; sourceTree = "<group>"; };
		39A778791DB388200047DDB1 /* CommitDetailViewController.swift */ = {isa = PBXFileReference; fileEncoding = 4; lastKnownFileType = sourcecode.swift; name = CommitDetailViewController.swift; path = Detail/CommitDetailViewController.swift; sourceTree = "<group>"; };
		39A7787C1DB3896E0047DDB1 /* CommitDetailTableViewCell.swift */ = {isa = PBXFileReference; fileEncoding = 4; lastKnownFileType = sourcecode.swift; name = CommitDetailTableViewCell.swift; path = CommitDetail/CommitDetailTableViewCell.swift; sourceTree = "<group>"; };
		39A7787D1DB3896E0047DDB1 /* CommitDetailTableViewCell.xib */ = {isa = PBXFileReference; fileEncoding = 4; lastKnownFileType = file.xib; name = CommitDetailTableViewCell.xib; path = CommitDetail/CommitDetailTableViewCell.xib; sourceTree = "<group>"; };
		39A778811DB3BC990047DDB1 /* NavigationViewController.swift */ = {isa = PBXFileReference; fileEncoding = 4; lastKnownFileType = sourcecode.swift; path = NavigationViewController.swift; sourceTree = "<group>"; };
		39A778831DB3BD0E0047DDB1 /* TabBarController.swift */ = {isa = PBXFileReference; fileEncoding = 4; lastKnownFileType = sourcecode.swift; path = TabBarController.swift; sourceTree = "<group>"; };
		39A778851DB3E6CA0047DDB1 /* FontAwesome.framework */ = {isa = PBXFileReference; lastKnownFileType = wrapper.framework; name = FontAwesome.framework; path = Carthage/Build/iOS/FontAwesome.framework; sourceTree = "<group>"; };
		39E8FD721DBB269300CB357D /* CommitLargeTableViewCell.swift */ = {isa = PBXFileReference; fileEncoding = 4; lastKnownFileType = sourcecode.swift; name = CommitLargeTableViewCell.swift; path = CommitLarge/CommitLargeTableViewCell.swift; sourceTree = "<group>"; };
		39E8FD731DBB269300CB357D /* CommitLargeTableViewCell.xib */ = {isa = PBXFileReference; fileEncoding = 4; lastKnownFileType = file.xib; name = CommitLargeTableViewCell.xib; path = CommitLarge/CommitLargeTableViewCell.xib; sourceTree = "<group>"; };
		39E8FD771DBB398400CB357D /* TwicketSegmentedControl.framework */ = {isa = PBXFileReference; lastKnownFileType = wrapper.framework; name = TwicketSegmentedControl.framework; path = Carthage/Build/iOS/TwicketSegmentedControl.framework; sourceTree = "<group>"; };
/* End PBXFileReference section */

/* Begin PBXFrameworksBuildPhase section */
		39979BB01DAA209C006A37DC /* Frameworks */ = {
			isa = PBXFrameworksBuildPhase;
			buildActionMask = 2147483647;
			files = (
				39E8FD781DBB398400CB357D /* TwicketSegmentedControl.framework in Frameworks */,
				3993E2E11DB2927E00DF922B /* JEToolkit.framework in Frameworks */,
				3993E2DB1DB2826D00DF922B /* Realm.framework in Frameworks */,
				3993E2DC1DB2826D00DF922B /* RealmSwift.framework in Frameworks */,
			);
			runOnlyForDeploymentPostprocessing = 0;
		};
/* End PBXFrameworksBuildPhase section */

/* Begin PBXGroup section */
		3993E2D51DB2810F00DF922B /* Join */ = {
			isa = PBXGroup;
			children = (
				3993E2DE1DB2878400DF922B /* CommitNumber_Commit.swift */,
			);
			name = Join;
			sourceTree = "<group>";
		};
		3993E2D61DB2826C00DF922B /* Frameworks */ = {
			isa = PBXGroup;
			children = (
				39E8FD771DBB398400CB357D /* TwicketSegmentedControl.framework */,
				39A778851DB3E6CA0047DDB1 /* FontAwesome.framework */,
				3993E2E01DB2927E00DF922B /* JEToolkit.framework */,
				3993E2D71DB2826D00DF922B /* IoniconsKit.framework */,
				3993E2D81DB2826D00DF922B /* Realm.framework */,
				3993E2D91DB2826D00DF922B /* RealmSwift.framework */,
			);
			name = Frameworks;
			sourceTree = "<group>";
		};
		39979BAA1DAA209C006A37DC = {
			isa = PBXGroup;
			children = (
				39979BB51DAA209C006A37DC /* GitStudy */,
				39979BB41DAA209C006A37DC /* Products */,
				3993E2D61DB2826C00DF922B /* Frameworks */,
			);
			sourceTree = "<group>";
		};
		39979BB41DAA209C006A37DC /* Products */ = {
			isa = PBXGroup;
			children = (
				39979BB31DAA209C006A37DC /* GitStudy.app */,
			);
			name = Products;
			sourceTree = "<group>";
		};
		39979BB51DAA209C006A37DC /* GitStudy */ = {
			isa = PBXGroup;
			children = (
				39979BC81DAA20AA006A37DC /* Resources */,
				39979BC91DAA20F5006A37DC /* Extensions */,
				39979BD01DAA20F5006A37DC /* Model */,
				39979BD51DAA20F5006A37DC /* View */,
				39979BB61DAA209C006A37DC /* AppDelegate.swift */,
				39979BC21DAA209C006A37DC /* Info.plist */,
			);
			path = GitStudy;
			sourceTree = "<group>";
		};
		39979BC81DAA20AA006A37DC /* Resources */ = {
			isa = PBXGroup;
			children = (
				39979BBA1DAA209C006A37DC /* Main.storyboard */,
				39979BBD1DAA209C006A37DC /* Assets.xcassets */,
				39979BBF1DAA209C006A37DC /* LaunchScreen.storyboard */,
			);
			name = Resources;
			sourceTree = "<group>";
		};
		39979BC91DAA20F5006A37DC /* Extensions */ = {
			isa = PBXGroup;
			children = (
				39979BCA1DAA20F5006A37DC /* ColorExtension */,
				39979BCC1DAA20F5006A37DC /* DataExtension */,
				39979BCE1DAA20F5006A37DC /* UIImageExtension */,
			);
			path = Extensions;
			sourceTree = "<group>";
		};
		39979BCA1DAA20F5006A37DC /* ColorExtension */ = {
			isa = PBXGroup;
			children = (
				39979BCB1DAA20F5006A37DC /* UIColor+Extension.swift */,
			);
			path = ColorExtension;
			sourceTree = "<group>";
		};
		39979BCC1DAA20F5006A37DC /* DataExtension */ = {
			isa = PBXGroup;
			children = (
				39979BCD1DAA20F5006A37DC /* DateExtension.swift */,
			);
			path = DataExtension;
			sourceTree = "<group>";
		};
		39979BCE1DAA20F5006A37DC /* UIImageExtension */ = {
			isa = PBXGroup;
			children = (
				39979BCF1DAA20F5006A37DC /* UIImageExtension.swift */,
			);
			path = UIImageExtension;
			sourceTree = "<group>";
		};
		39979BD01DAA20F5006A37DC /* Model */ = {
			isa = PBXGroup;
			children = (
				39979BD11DAA20F5006A37DC /* Commit */,
				39979BD31DAA20F5006A37DC /* CommitNumber */,
				3993E2D51DB2810F00DF922B /* Join */,
				39979BD41DAA20F5006A37DC /* Subjects.swift */,
			);
			path = Model;
			sourceTree = "<group>";
		};
		39979BD11DAA20F5006A37DC /* Commit */ = {
			isa = PBXGroup;
			children = (
				39979BD21DAA20F5006A37DC /* Commit.swift */,
			);
			path = Commit;
			sourceTree = "<group>";
		};
		39979BD31DAA20F5006A37DC /* CommitNumber */ = {
			isa = PBXGroup;
			children = (
				39A1F0E21DAA2AA800AE0EE2 /* CommitNumber.swift */,
			);
			path = CommitNumber;
			sourceTree = "<group>";
		};
		39979BD51DAA20F5006A37DC /* View */ = {
			isa = PBXGroup;
			children = (
				39979BD61DAA20F5006A37DC /* Cell */,
				39979BDD1DAA20F5006A37DC /* Commit */,
				39979BE11DAA20F5006A37DC /* Home */,
				39A778811DB3BC990047DDB1 /* NavigationViewController.swift */,
				39A778831DB3BD0E0047DDB1 /* TabBarController.swift */,
			);
			path = View;
			sourceTree = "<group>";
		};
		39979BD61DAA20F5006A37DC /* Cell */ = {
			isa = PBXGroup;
			children = (
				39979BD71DAA20F5006A37DC /* CommitRootViewCell */,
				39979BDA1DAA20F5006A37DC /* HomeViewCell */,
				39A778801DB389740047DDB1 /* CommitDetail */,
				39E8FD761DBB269800CB357D /* CommitLarge */,
			);
			path = Cell;
			sourceTree = "<group>";
		};
		39979BD71DAA20F5006A37DC /* CommitRootViewCell */ = {
			isa = PBXGroup;
			children = (
				39979BD81DAA20F5006A37DC /* CommitRootViewCell.swift */,
				39979BD91DAA20F5006A37DC /* CommitRootViewCell.xib */,
			);
			path = CommitRootViewCell;
			sourceTree = "<group>";
		};
		39979BDA1DAA20F5006A37DC /* HomeViewCell */ = {
			isa = PBXGroup;
			children = (
				39979BDB1DAA20F5006A37DC /* HomeViewCell.swift */,
				39979BDC1DAA20F5006A37DC /* HomeViewCell.xib */,
			);
			path = HomeViewCell;
			sourceTree = "<group>";
		};
		39979BDD1DAA20F5006A37DC /* Commit */ = {
			isa = PBXGroup;
			children = (
				39979BDE1DAA20F5006A37DC /* CommitRootViewController.swift */,
				39979BDF1DAA20F5006A37DC /* CommitViewController */,
			);
			path = Commit;
			sourceTree = "<group>";
		};
		39979BDF1DAA20F5006A37DC /* CommitViewController */ = {
			isa = PBXGroup;
			children = (
				39979BE01DAA20F5006A37DC /* CommitViewController.swift */,
			);
			path = CommitViewController;
			sourceTree = "<group>";
		};
		39979BE11DAA20F5006A37DC /* Home */ = {
			isa = PBXGroup;
			children = (
				39A7787B1DB388240047DDB1 /* Detail */,
				39979BE21DAA20F5006A37DC /* HomeViewController.swift */,
			);
			path = Home;
			sourceTree = "<group>";
		};
		39A7787B1DB388240047DDB1 /* Detail */ = {
			isa = PBXGroup;
			children = (
				39A778791DB388200047DDB1 /* CommitDetailViewController.swift */,
			);
			name = Detail;
			sourceTree = "<group>";
		};
		39A778801DB389740047DDB1 /* CommitDetail */ = {
			isa = PBXGroup;
			children = (
				39A7787C1DB3896E0047DDB1 /* CommitDetailTableViewCell.swift */,
				39A7787D1DB3896E0047DDB1 /* CommitDetailTableViewCell.xib */,
			);
			name = CommitDetail;
			sourceTree = "<group>";
		};
		39E8FD761DBB269800CB357D /* CommitLarge */ = {
			isa = PBXGroup;
			children = (
				39E8FD721DBB269300CB357D /* CommitLargeTableViewCell.swift */,
				39E8FD731DBB269300CB357D /* CommitLargeTableViewCell.xib */,
			);
			name = CommitLarge;
			sourceTree = "<group>";
		};
/* End PBXGroup section */

/* Begin PBXNativeTarget section */
		39979BB21DAA209C006A37DC /* GitStudy */ = {
			isa = PBXNativeTarget;
			buildConfigurationList = 39979BC51DAA209C006A37DC /* Build configuration list for PBXNativeTarget "GitStudy" */;
			buildPhases = (
				39979BAF1DAA209C006A37DC /* Sources */,
				39979BB01DAA209C006A37DC /* Frameworks */,
				39979BB11DAA209C006A37DC /* Resources */,
				39979BF81DAA2287006A37DC /* Embed Frameworks */,
				3993E2DD1DB282B100DF922B /* ShellScript */,
			);
			buildRules = (
			);
			dependencies = (
			);
			name = GitStudy;
			productName = GitStudy;
			productReference = 39979BB31DAA209C006A37DC /* GitStudy.app */;
			productType = "com.apple.product-type.application";
		};
/* End PBXNativeTarget section */

/* Begin PBXProject section */
		39979BAB1DAA209C006A37DC /* Project object */ = {
			isa = PBXProject;
			attributes = {
				LastSwiftUpdateCheck = 0800;
				LastUpgradeCheck = 0800;
				ORGANIZATIONNAME = ShinokiRyosei;
				TargetAttributes = {
					39979BB21DAA209C006A37DC = {
						CreatedOnToolsVersion = 8.0;
						DevelopmentTeam = SLHYE76MHB;
						LastSwiftMigration = 0800;
						ProvisioningStyle = Automatic;
					};
				};
			};
			buildConfigurationList = 39979BAE1DAA209C006A37DC /* Build configuration list for PBXProject "GitStudy" */;
			compatibilityVersion = "Xcode 3.2";
			developmentRegion = English;
			hasScannedForEncodings = 0;
			knownRegions = (
				en,
				Base,
			);
			mainGroup = 39979BAA1DAA209C006A37DC;
			productRefGroup = 39979BB41DAA209C006A37DC /* Products */;
			projectDirPath = "";
			projectRoot = "";
			targets = (
				39979BB21DAA209C006A37DC /* GitStudy */,
			);
		};
/* End PBXProject section */

/* Begin PBXResourcesBuildPhase section */
		39979BB11DAA209C006A37DC /* Resources */ = {
			isa = PBXResourcesBuildPhase;
			buildActionMask = 2147483647;
			files = (
				39979BC11DAA209C006A37DC /* LaunchScreen.storyboard in Resources */,
				39A7787F1DB3896E0047DDB1 /* CommitDetailTableViewCell.xib in Resources */,
				39E8FD751DBB269300CB357D /* CommitLargeTableViewCell.xib in Resources */,
				39979BBE1DAA209C006A37DC /* Assets.xcassets in Resources */,
				39979BBC1DAA209C006A37DC /* Main.storyboard in Resources */,
				39979BEB1DAA20F5006A37DC /* HomeViewCell.xib in Resources */,
				39979BE91DAA20F5006A37DC /* CommitRootViewCell.xib in Resources */,
			);
			runOnlyForDeploymentPostprocessing = 0;
		};
/* End PBXResourcesBuildPhase section */

/* Begin PBXShellScriptBuildPhase section */
		3993E2DD1DB282B100DF922B /* ShellScript */ = {
			isa = PBXShellScriptBuildPhase;
			buildActionMask = 2147483647;
			files = (
			);
			inputPaths = (
				"$(SRCROOT)/Carthage/Build/iOS/Realm.framework",
				"$(SRCROOT)/Carthage/Build/iOS/RealmSwift.framework",
				"$(SRCROOT)/Carthage/Build/iOS/JEToolkit.framework",
				"$(SRCROOT)/Carthage/Build/iOS/TwicketSegmentedControl.framework",
			);
			outputPaths = (
			);
			runOnlyForDeploymentPostprocessing = 0;
			shellPath = /bin/sh;
			shellScript = "/usr/local/bin/carthage copy-frameworks";
		};
/* End PBXShellScriptBuildPhase section */

/* Begin PBXSourcesBuildPhase section */
		39979BAF1DAA209C006A37DC /* Sources */ = {
			isa = PBXSourcesBuildPhase;
			buildActionMask = 2147483647;
			files = (
				39979BE71DAA20F5006A37DC /* Subjects.swift in Sources */,
				39A1F0E31DAA2AA800AE0EE2 /* CommitNumber.swift in Sources */,
				39979BE61DAA20F5006A37DC /* Commit.swift in Sources */,
				39979BE31DAA20F5006A37DC /* UIColor+Extension.swift in Sources */,
				39979BE81DAA20F5006A37DC /* CommitRootViewCell.swift in Sources */,
				39979BE41DAA20F5006A37DC /* DateExtension.swift in Sources */,
				39A778841DB3BD0E0047DDB1 /* TabBarController.swift in Sources */,
				39979BEC1DAA20F5006A37DC /* CommitRootViewController.swift in Sources */,
				39979BE51DAA20F5006A37DC /* UIImageExtension.swift in Sources */,
				39A778821DB3BC990047DDB1 /* NavigationViewController.swift in Sources */,
				39A7787E1DB3896E0047DDB1 /* CommitDetailTableViewCell.swift in Sources */,
				39A7787A1DB388200047DDB1 /* CommitDetailViewController.swift in Sources */,
				39979BB71DAA209C006A37DC /* AppDelegate.swift in Sources */,
				3993E2DF1DB2878400DF922B /* CommitNumber_Commit.swift in Sources */,
				39979BEA1DAA20F5006A37DC /* HomeViewCell.swift in Sources */,
				39979BED1DAA20F5006A37DC /* CommitViewController.swift in Sources */,
				39E8FD741DBB269300CB357D /* CommitLargeTableViewCell.swift in Sources */,
				39979BEE1DAA20F5006A37DC /* HomeViewController.swift in Sources */,
			);
			runOnlyForDeploymentPostprocessing = 0;
		};
/* End PBXSourcesBuildPhase section */

/* Begin PBXVariantGroup section */
		39979BBA1DAA209C006A37DC /* Main.storyboard */ = {
			isa = PBXVariantGroup;
			children = (
				39979BBB1DAA209C006A37DC /* Base */,
			);
			name = Main.storyboard;
			sourceTree = "<group>";
		};
		39979BBF1DAA209C006A37DC /* LaunchScreen.storyboard */ = {
			isa = PBXVariantGroup;
			children = (
				39979BC01DAA209C006A37DC /* Base */,
			);
			name = LaunchScreen.storyboard;
			sourceTree = "<group>";
		};
/* End PBXVariantGroup section */

/* Begin XCBuildConfiguration section */
		39979BC31DAA209C006A37DC /* Debug */ = {
			isa = XCBuildConfiguration;
			buildSettings = {
				ALWAYS_SEARCH_USER_PATHS = NO;
				CLANG_ANALYZER_NONNULL = YES;
				CLANG_CXX_LANGUAGE_STANDARD = "gnu++0x";
				CLANG_CXX_LIBRARY = "libc++";
				CLANG_ENABLE_MODULES = YES;
				CLANG_ENABLE_OBJC_ARC = YES;
				CLANG_WARN_BOOL_CONVERSION = YES;
				CLANG_WARN_CONSTANT_CONVERSION = YES;
				CLANG_WARN_DIRECT_OBJC_ISA_USAGE = YES_ERROR;
				CLANG_WARN_DOCUMENTATION_COMMENTS = YES;
				CLANG_WARN_EMPTY_BODY = YES;
				CLANG_WARN_ENUM_CONVERSION = YES;
				CLANG_WARN_INFINITE_RECURSION = YES;
				CLANG_WARN_INT_CONVERSION = YES;
				CLANG_WARN_OBJC_ROOT_CLASS = YES_ERROR;
				CLANG_WARN_SUSPICIOUS_MOVES = YES;
				CLANG_WARN_UNREACHABLE_CODE = YES;
				CLANG_WARN__DUPLICATE_METHOD_MATCH = YES;
				"CODE_SIGN_IDENTITY[sdk=iphoneos*]" = "iPhone Developer";
				COPY_PHASE_STRIP = NO;
				DEBUG_INFORMATION_FORMAT = dwarf;
				ENABLE_STRICT_OBJC_MSGSEND = YES;
				ENABLE_TESTABILITY = YES;
				GCC_C_LANGUAGE_STANDARD = gnu99;
				GCC_DYNAMIC_NO_PIC = NO;
				GCC_NO_COMMON_BLOCKS = YES;
				GCC_OPTIMIZATION_LEVEL = 0;
				GCC_PREPROCESSOR_DEFINITIONS = (
					"DEBUG=1",
					"$(inherited)",
				);
				GCC_WARN_64_TO_32_BIT_CONVERSION = YES;
				GCC_WARN_ABOUT_RETURN_TYPE = YES_ERROR;
				GCC_WARN_UNDECLARED_SELECTOR = YES;
				GCC_WARN_UNINITIALIZED_AUTOS = YES_AGGRESSIVE;
				GCC_WARN_UNUSED_FUNCTION = YES;
				GCC_WARN_UNUSED_VARIABLE = YES;
				IPHONEOS_DEPLOYMENT_TARGET = 10.0;
				MTL_ENABLE_DEBUG_INFO = YES;
				ONLY_ACTIVE_ARCH = YES;
				SDKROOT = iphoneos;
				SWIFT_ACTIVE_COMPILATION_CONDITIONS = DEBUG;
				SWIFT_OPTIMIZATION_LEVEL = "-Onone";
			};
			name = Debug;
		};
		39979BC41DAA209C006A37DC /* Release */ = {
			isa = XCBuildConfiguration;
			buildSettings = {
				ALWAYS_SEARCH_USER_PATHS = NO;
				CLANG_ANALYZER_NONNULL = YES;
				CLANG_CXX_LANGUAGE_STANDARD = "gnu++0x";
				CLANG_CXX_LIBRARY = "libc++";
				CLANG_ENABLE_MODULES = YES;
				CLANG_ENABLE_OBJC_ARC = YES;
				CLANG_WARN_BOOL_CONVERSION = YES;
				CLANG_WARN_CONSTANT_CONVERSION = YES;
				CLANG_WARN_DIRECT_OBJC_ISA_USAGE = YES_ERROR;
				CLANG_WARN_DOCUMENTATION_COMMENTS = YES;
				CLANG_WARN_EMPTY_BODY = YES;
				CLANG_WARN_ENUM_CONVERSION = YES;
				CLANG_WARN_INFINITE_RECURSION = YES;
				CLANG_WARN_INT_CONVERSION = YES;
				CLANG_WARN_OBJC_ROOT_CLASS = YES_ERROR;
				CLANG_WARN_SUSPICIOUS_MOVES = YES;
				CLANG_WARN_UNREACHABLE_CODE = YES;
				CLANG_WARN__DUPLICATE_METHOD_MATCH = YES;
				"CODE_SIGN_IDENTITY[sdk=iphoneos*]" = "iPhone Developer";
				COPY_PHASE_STRIP = NO;
				DEBUG_INFORMATION_FORMAT = "dwarf-with-dsym";
				ENABLE_NS_ASSERTIONS = NO;
				ENABLE_STRICT_OBJC_MSGSEND = YES;
				GCC_C_LANGUAGE_STANDARD = gnu99;
				GCC_NO_COMMON_BLOCKS = YES;
				GCC_WARN_64_TO_32_BIT_CONVERSION = YES;
				GCC_WARN_ABOUT_RETURN_TYPE = YES_ERROR;
				GCC_WARN_UNDECLARED_SELECTOR = YES;
				GCC_WARN_UNINITIALIZED_AUTOS = YES_AGGRESSIVE;
				GCC_WARN_UNUSED_FUNCTION = YES;
				GCC_WARN_UNUSED_VARIABLE = YES;
				IPHONEOS_DEPLOYMENT_TARGET = 10.0;
				MTL_ENABLE_DEBUG_INFO = NO;
				SDKROOT = iphoneos;
				SWIFT_OPTIMIZATION_LEVEL = "-Owholemodule";
				VALIDATE_PRODUCT = YES;
			};
			name = Release;
		};
		39979BC61DAA209C006A37DC /* Debug */ = {
			isa = XCBuildConfiguration;
			buildSettings = {
				ASSETCATALOG_COMPILER_APPICON_NAME = AppIcon;
				DEVELOPMENT_TEAM = SLHYE76MHB;
				FRAMEWORK_SEARCH_PATHS = (
					"$(inherited)",
					"$(PROJECT_DIR)/Carthage/Build/iOS",
				);
				INFOPLIST_FILE = GitStudy/Info.plist;
				LD_RUNPATH_SEARCH_PATHS = "$(inherited) @executable_path/Frameworks";
				PRODUCT_BUNDLE_IDENTIFIER = tv.shinoki.GitStudy;
				PRODUCT_NAME = "$(TARGET_NAME)";
				SWIFT_VERSION = 3.0;
			};
			name = Debug;
		};
		39979BC71DAA209C006A37DC /* Release */ = {
			isa = XCBuildConfiguration;
			buildSettings = {
				ASSETCATALOG_COMPILER_APPICON_NAME = AppIcon;
				DEVELOPMENT_TEAM = SLHYE76MHB;
				FRAMEWORK_SEARCH_PATHS = (
					"$(inherited)",
					"$(PROJECT_DIR)/Carthage/Build/iOS",
				);
				INFOPLIST_FILE = GitStudy/Info.plist;
				LD_RUNPATH_SEARCH_PATHS = "$(inherited) @executable_path/Frameworks";
				PRODUCT_BUNDLE_IDENTIFIER = tv.shinoki.GitStudy;
				PRODUCT_NAME = "$(TARGET_NAME)";
				SWIFT_VERSION = 3.0;
			};
			name = Release;
		};
/* End XCBuildConfiguration section */

/* Begin XCConfigurationList section */
		39979BAE1DAA209C006A37DC /* Build configuration list for PBXProject "GitStudy" */ = {
			isa = XCConfigurationList;
			buildConfigurations = (
				39979BC31DAA209C006A37DC /* Debug */,
				39979BC41DAA209C006A37DC /* Release */,
			);
			defaultConfigurationIsVisible = 0;
			defaultConfigurationName = Release;
		};
		39979BC51DAA209C006A37DC /* Build configuration list for PBXNativeTarget "GitStudy" */ = {
			isa = XCConfigurationList;
			buildConfigurations = (
				39979BC61DAA209C006A37DC /* Debug */,
				39979BC71DAA209C006A37DC /* Release */,
			);
			defaultConfigurationIsVisible = 0;
			defaultConfigurationName = Release;
		};
/* End XCConfigurationList section */
	};
	rootObject = 39979BAB1DAA209C006A37DC /* Project object */;
}
